{
  "originHash" : "7b288aaa91db43aa92e502917aebc7c4cbaf78739683e7d56dc631a2c0505b86",
  "pins" : [
    {
      "identity" : "pointfree-url-form-coding",
      "kind" : "remoteSourceControl",
      "location" : "https://github.com/coenttb/pointfree-url-form-coding.git",
      "state" : {
        "revision" : "20c06173a90ff7a90e20d9f216b99632b68031ca",
        "version" : "0.0.1"
      }
    }
  ],
  "version" : 3
}
